
Microsoft Visual Studio Solution File, Format Version 12.00
# Visual Studio Version 17
VisualStudioVersion = 17.0.32126.317
MinimumVisualStudioVersion = 10.0.40219.1
Project("{8BC9CEB8-8B4A-11D0-8D11-00A0C91BC942}") = "11주차 1차원 배열, 포인터의 이해", "11주차 1차원 배열, 포인터의 이해.vcxproj", "{5A514DE9-04BF-49FD-99DB-478DE167538A}"
EndProject
Global
	GlobalSection(SolutionConfigurationPlatforms) = preSolution
		Debug|x64 = Debug|x64
		Debug|x86 = Debug|x86
		Release|x64 = Release|x64
		Release|x86 = Release|x86
	EndGlobalSection
	GlobalSection(ProjectConfigurationPlatforms) = postSolution
		{5A514DE9-04BF-49FD-99DB-478DE167538A}.Debug|x64.ActiveCfg = Debug|x64
		{5A514DE9-04BF-49FD-99DB-478DE167538A}.Debug|x64.Build.0 = Debug|x64
		{5A514DE9-04BF-49FD-99DB-478DE167538A}.Debug|x86.ActiveCfg = Debug|Win32
		{5A514DE9-04BF-49FD-99DB-478DE167538A}.Debug|x86.Build.0 = Debug|Win32
		{5A514DE9-04BF-49FD-99DB-478DE167538A}.Release|x64.ActiveCfg = Release|x64
		{5A514DE9-04BF-49FD-99DB-478DE167538A}.Release|x64.Build.0 = Release|x64
		{5A514DE9-04BF-49FD-99DB-478DE167538A}.Release|x86.ActiveCfg = Release|Win32
		{5A514DE9-04BF-49FD-99DB-478DE167538A}.Release|x86.Build.0 = Release|Win32
	EndGlobalSection
	GlobalSection(SolutionProperties) = preSolution
		HideSolutionNode = FALSE
	EndGlobalSection
	GlobalSection(ExtensibilityGlobals) = postSolution
		SolutionGuid = {8119F859-DA07-4920-BE37-C33C461C8028}
	EndGlobalSection
EndGlobal
