
Microsoft Visual Studio Solution File, Format Version 12.00
# Visual Studio Version 17
VisualStudioVersion = 17.0.32126.317
MinimumVisualStudioVersion = 10.0.40219.1
Project("{8BC9CEB8-8B4A-11D0-8D11-00A0C91BC942}") = "검토1", "검토1.vcxproj", "{1C6010A5-A9A9-41C2-B9B4-225766AC40BE}"
EndProject
Global
	GlobalSection(SolutionConfigurationPlatforms) = preSolution
		Debug|x64 = Debug|x64
		Debug|x86 = Debug|x86
		Release|x64 = Release|x64
		Release|x86 = Release|x86
	EndGlobalSection
	GlobalSection(ProjectConfigurationPlatforms) = postSolution
		{1C6010A5-A9A9-41C2-B9B4-225766AC40BE}.Debug|x64.ActiveCfg = Debug|x64
		{1C6010A5-A9A9-41C2-B9B4-225766AC40BE}.Debug|x64.Build.0 = Debug|x64
		{1C6010A5-A9A9-41C2-B9B4-225766AC40BE}.Debug|x86.ActiveCfg = Debug|Win32
		{1C6010A5-A9A9-41C2-B9B4-225766AC40BE}.Debug|x86.Build.0 = Debug|Win32
		{1C6010A5-A9A9-41C2-B9B4-225766AC40BE}.Release|x64.ActiveCfg = Release|x64
		{1C6010A5-A9A9-41C2-B9B4-225766AC40BE}.Release|x64.Build.0 = Release|x64
		{1C6010A5-A9A9-41C2-B9B4-225766AC40BE}.Release|x86.ActiveCfg = Release|Win32
		{1C6010A5-A9A9-41C2-B9B4-225766AC40BE}.Release|x86.Build.0 = Release|Win32
	EndGlobalSection
	GlobalSection(SolutionProperties) = preSolution
		HideSolutionNode = FALSE
	EndGlobalSection
	GlobalSection(ExtensibilityGlobals) = postSolution
		SolutionGuid = {4D63E037-762F-4789-B094-4A76A7B00D34}
	EndGlobalSection
EndGlobal
