
Microsoft Visual Studio Solution File, Format Version 12.00
# Visual Studio Version 17
VisualStudioVersion = 17.0.32126.317
MinimumVisualStudioVersion = 10.0.40219.1
Project("{8BC9CEB8-8B4A-11D0-8D11-00A0C91BC942}") = "4주차 데이터 표현방식의 이해", "4주차 데이터 표현방식의 이해.vcxproj", "{75B09B5A-82C5-4AAF-B5F3-E1383D0EA4B6}"
EndProject
Global
	GlobalSection(SolutionConfigurationPlatforms) = preSolution
		Debug|x64 = Debug|x64
		Debug|x86 = Debug|x86
		Release|x64 = Release|x64
		Release|x86 = Release|x86
	EndGlobalSection
	GlobalSection(ProjectConfigurationPlatforms) = postSolution
		{75B09B5A-82C5-4AAF-B5F3-E1383D0EA4B6}.Debug|x64.ActiveCfg = Debug|x64
		{75B09B5A-82C5-4AAF-B5F3-E1383D0EA4B6}.Debug|x64.Build.0 = Debug|x64
		{75B09B5A-82C5-4AAF-B5F3-E1383D0EA4B6}.Debug|x86.ActiveCfg = Debug|Win32
		{75B09B5A-82C5-4AAF-B5F3-E1383D0EA4B6}.Debug|x86.Build.0 = Debug|Win32
		{75B09B5A-82C5-4AAF-B5F3-E1383D0EA4B6}.Release|x64.ActiveCfg = Release|x64
		{75B09B5A-82C5-4AAF-B5F3-E1383D0EA4B6}.Release|x64.Build.0 = Release|x64
		{75B09B5A-82C5-4AAF-B5F3-E1383D0EA4B6}.Release|x86.ActiveCfg = Release|Win32
		{75B09B5A-82C5-4AAF-B5F3-E1383D0EA4B6}.Release|x86.Build.0 = Release|Win32
	EndGlobalSection
	GlobalSection(SolutionProperties) = preSolution
		HideSolutionNode = FALSE
	EndGlobalSection
	GlobalSection(ExtensibilityGlobals) = postSolution
		SolutionGuid = {7D0A99D4-928A-47BB-AC13-10B4218BB7B4}
	EndGlobalSection
EndGlobal
